
Microsoft Visual Studio Solution File, Format Version 12.00
# Visual Studio Version 16
VisualStudioVersion = 16.0.29905.134
MinimumVisualStudioVersion = 10.0.40219.1
Project("{9A19103F-16F7-4668-BE54-9A1E7A4F7556}") = "Combinations", "Combinations\Combinations.csproj", "{2EF884BB-14D8-4324-9320-A87E945ECF37}"
EndProject
Project("{9A19103F-16F7-4668-BE54-9A1E7A4F7556}") = "Permutations", "Permutations\Permutations.csproj", "{50A2B88E-21E0-4143-B08F-37E8BAAF8F20}"
EndProject
Project("{FAE04EC0-301F-11D3-BF4B-00C04F79EFBC}") = "Subsets", "Subsets\Subsets.csproj", "{7F155C35-1CE3-4F96-8B3B-C29984E37C3C}"
EndProject
Global
	GlobalSection(SolutionConfigurationPlatforms) = preSolution
		Debug|Any CPU = Debug|Any CPU
		Release|Any CPU = Release|Any CPU
	EndGlobalSection
	GlobalSection(ProjectConfigurationPlatforms) = postSolution
		{2EF884BB-14D8-4324-9320-A87E945ECF37}.Debug|Any CPU.ActiveCfg = Debug|Any CPU
		{2EF884BB-14D8-4324-9320-A87E945ECF37}.Debug|Any CPU.Build.0 = Debug|Any CPU
		{2EF884BB-14D8-4324-9320-A87E945ECF37}.Release|Any CPU.ActiveCfg = Release|Any CPU
		{2EF884BB-14D8-4324-9320-A87E945ECF37}.Release|Any CPU.Build.0 = Release|Any CPU
		{50A2B88E-21E0-4143-B08F-37E8BAAF8F20}.Debug|Any CPU.ActiveCfg = Debug|Any CPU
		{50A2B88E-21E0-4143-B08F-37E8BAAF8F20}.Debug|Any CPU.Build.0 = Debug|Any CPU
		{50A2B88E-21E0-4143-B08F-37E8BAAF8F20}.Release|Any CPU.ActiveCfg = Release|Any CPU
		{50A2B88E-21E0-4143-B08F-37E8BAAF8F20}.Release|Any CPU.Build.0 = Release|Any CPU
		{7F155C35-1CE3-4F96-8B3B-C29984E37C3C}.Debug|Any CPU.ActiveCfg = Debug|Any CPU
		{7F155C35-1CE3-4F96-8B3B-C29984E37C3C}.Debug|Any CPU.Build.0 = Debug|Any CPU
		{7F155C35-1CE3-4F96-8B3B-C29984E37C3C}.Release|Any CPU.ActiveCfg = Release|Any CPU
		{7F155C35-1CE3-4F96-8B3B-C29984E37C3C}.Release|Any CPU.Build.0 = Release|Any CPU
	EndGlobalSection
	GlobalSection(SolutionProperties) = preSolution
		HideSolutionNode = FALSE
	EndGlobalSection
	GlobalSection(ExtensibilityGlobals) = postSolution
		SolutionGuid = {BC64C32B-7F6A-4896-B8FD-C20EE8D4F73D}
	EndGlobalSection
EndGlobal
